
Microsoft Visual Studio Solution File, Format Version 12.00
# Visual Studio Version 17
VisualStudioVersion = 17.14.36121.58
MinimumVisualStudioVersion = 10.0.40219.1
Project("{FAE04EC0-301F-11D3-BF4B-00C04F79EFBC}") = "Presentation", "Presentation\Presentation.csproj", "{E0C02508-C430-440E-8B3F-9AC14020ED4D}"
EndProject
Project("{FAE04EC0-301F-11D3-BF4B-00C04F79EFBC}") = "Datos", "Datos\Datos.csproj", "{9B6C68B4-E5AD-4F3E-8836-FB0047942C1C}"
EndProject
Project("{FAE04EC0-301F-11D3-BF4B-00C04F79EFBC}") = "Negocio", "Negocio\Negocio.csproj", "{AA51A315-10E9-46B9-BDEF-FB541F2F112A}"
EndProject
Global
	GlobalSection(SolutionConfigurationPlatforms) = preSolution
		Debug|Any CPU = Debug|Any CPU
		Release|Any CPU = Release|Any CPU
	EndGlobalSection
	GlobalSection(ProjectConfigurationPlatforms) = postSolution
		{E0C02508-C430-440E-8B3F-9AC14020ED4D}.Debug|Any CPU.ActiveCfg = Debug|Any CPU
		{E0C02508-C430-440E-8B3F-9AC14020ED4D}.Debug|Any CPU.Build.0 = Debug|Any CPU
		{E0C02508-C430-440E-8B3F-9AC14020ED4D}.Release|Any CPU.ActiveCfg = Release|Any CPU
		{E0C02508-C430-440E-8B3F-9AC14020ED4D}.Release|Any CPU.Build.0 = Release|Any CPU
		{9B6C68B4-E5AD-4F3E-8836-FB0047942C1C}.Debug|Any CPU.ActiveCfg = Debug|Any CPU
		{9B6C68B4-E5AD-4F3E-8836-FB0047942C1C}.Debug|Any CPU.Build.0 = Debug|Any CPU
		{9B6C68B4-E5AD-4F3E-8836-FB0047942C1C}.Release|Any CPU.ActiveCfg = Release|Any CPU
		{9B6C68B4-E5AD-4F3E-8836-FB0047942C1C}.Release|Any CPU.Build.0 = Release|Any CPU
		{AA51A315-10E9-46B9-BDEF-FB541F2F112A}.Debug|Any CPU.ActiveCfg = Debug|Any CPU
		{AA51A315-10E9-46B9-BDEF-FB541F2F112A}.Debug|Any CPU.Build.0 = Debug|Any CPU
		{AA51A315-10E9-46B9-BDEF-FB541F2F112A}.Release|Any CPU.ActiveCfg = Release|Any CPU
		{AA51A315-10E9-46B9-BDEF-FB541F2F112A}.Release|Any CPU.Build.0 = Release|Any CPU
	EndGlobalSection
	GlobalSection(SolutionProperties) = preSolution
		HideSolutionNode = FALSE
	EndGlobalSection
	GlobalSection(ExtensibilityGlobals) = postSolution
		SolutionGuid = {09407DDD-A38C-408D-8B28-A77E59C1BC84}
	EndGlobalSection
EndGlobal
